// !$*UTF8*$!
{
	archiveVersion = 1;
	classes = {
	};
	objectVersion = 50;
	objects = {

/* Begin PBXBuildFile section */
		638B3AA32616C81E00372D7B /* AppDelegate.swift in Sources */ = {isa = PBXBuildFile; fileRef = 638B3AA22616C81E00372D7B /* AppDelegate.swift */; };
		638B3AA52616C81E00372D7B /* SceneDelegate.swift in Sources */ = {isa = PBXBuildFile; fileRef = 638B3AA42616C81E00372D7B /* SceneDelegate.swift */; };
		638B3AA72616C81E00372D7B /* ViewController.swift in Sources */ = {isa = PBXBuildFile; fileRef = 638B3AA62616C81E00372D7B /* ViewController.swift */; };
		638B3AAA2616C81E00372D7B /* Main.storyboard in Resources */ = {isa = PBXBuildFile; fileRef = 638B3AA82616C81E00372D7B /* Main.storyboard */; };
		638B3AAC2616C81F00372D7B /* Assets.xcassets in Resources */ = {isa = PBXBuildFile; fileRef = 638B3AAB2616C81F00372D7B /* Assets.xcassets */; };
		638B3AAF2616C81F00372D7B /* LaunchScreen.storyboard in Resources */ = {isa = PBXBuildFile; fileRef = 638B3AAD2616C81F00372D7B /* LaunchScreen.storyboard */; };
/* End PBXBuildFile section */

/* Begin PBXFileReference section */
		638B3A9F2616C81E00372D7B /* videocallagora.app */ = {isa = PBXFileReference; explicitFileType = wrapper.application; includeInIndex = 0; path = videocallagora.app; sourceTree = BUILT_PRODUCTS_DIR; };
		638B3AA22616C81E00372D7B /* AppDelegate.swift */ = {isa = PBXFileReference; lastKnownFileType = sourcecode.swift; path = AppDelegate.swift; sourceTree = "<group>"; };
		638B3AA42616C81E00372D7B /* SceneDelegate.swift */ = {isa = PBXFileReference; lastKnownFileType = sourcecode.swift; path = SceneDelegate.swift; sourceTree = "<group>"; };
		638B3AA62616C81E00372D7B /* ViewController.swift */ = {isa = PBXFileReference; lastKnownFileType = sourcecode.swift; path = ViewController.swift; sourceTree = "<group>"; };
		638B3AA92616C81E00372D7B /* Base */ = {isa = PBXFileReference; lastKnownFileType = file.storyboard; name = Base; path = Base.lproj/Main.storyboard; sourceTree = "<group>"; };
		638B3AAB2616C81F00372D7B /* Assets.xcassets */ = {isa = PBXFileReference; lastKnownFileType = folder.assetcatalog; path = Assets.xcassets; sourceTree = "<group>"; };
		638B3AAE2616C81F00372D7B /* Base */ = {isa = PBXFileReference; lastKnownFileType = file.storyboard; name = Base; path = Base.lproj/LaunchScreen.storyboard; sourceTree = "<group>"; };
		638B3AB02616C81F00372D7B /* Info.plist */ = {isa = PBXFileReference; lastKnownFileType = text.plist.xml; path = Info.plist; sourceTree = "<group>"; };
/* End PBXFileReference section */

/* Begin PBXFrameworksBuildPhase section */
		638B3A9C2616C81E00372D7B /* Frameworks */ = {
			isa = PBXFrameworksBuildPhase;
			buildActionMask = 2147483647;
			files = (
			);
			runOnlyForDeploymentPostprocessing = 0;
		};
/* End PBXFrameworksBuildPhase section */

/* Begin PBXGroup section */
		638B3A962616C81E00372D7B = {
			isa = PBXGroup;
			children = (
				638B3AA12616C81E00372D7B /* videocallagora */,
				638B3AA02616C81E00372D7B /* Products */,
			);
			sourceTree = "<group>";
		};
		638B3AA02616C81E00372D7B /* Products */ = {
			isa = PBXGroup;
			children = (
				638B3A9F2616C81E00372D7B /* videocallagora.app */,
			);
			name = Products;
			sourceTree = "<group>";
		};
		638B3AA12616C81E00372D7B /* videocallagora */ = {
			isa = PBXGroup;
			children = (
				638B3AA22616C81E00372D7B /* AppDelegate.swift */,
				638B3AA42616C81E00372D7B /* SceneDelegate.swift */,
				638B3AA62616C81E00372D7B /* ViewController.swift */,
				638B3AA82616C81E00372D7B /* Main.storyboard */,
				638B3AAB2616C81F00372D7B /* Assets.xcassets */,
				638B3AAD2616C81F00372D7B /* LaunchScreen.storyboard */,
				638B3AB02616C81F00372D7B /* Info.plist */,
			);
			path = videocallagora;
			sourceTree = "<group>";
		};
/* End PBXGroup section */

/* Begin PBXNativeTarget section */
		638B3A9E2616C81E00372D7B /* videocallagora */ = {
			isa = PBXNativeTarget;
			buildConfigurationList = 638B3AB32616C81F00372D7B /* Build configuration list for PBXNativeTarget "videocallagora" */;
			buildPhases = (
				638B3A9B2616C81E00372D7B /* Sources */,
				638B3A9C2616C81E00372D7B /* Frameworks */,
				638B3A9D2616C81E00372D7B /* Resources */,
			);
			buildRules = (
			);
			dependencies = (
			);
			name = videocallagora;
			productName = videocallagora;
			productReference = 638B3A9F2616C81E00372D7B /* videocallagora.app */;
			productType = "com.apple.product-type.application";
		};
/* End PBXNativeTarget section */

/* Begin PBXProject section */
		638B3A972616C81E00372D7B /* Project object */ = {
			isa = PBXProject;
			attributes = {
				LastSwiftUpdateCheck = 1240;
				LastUpgradeCheck = 1240;
				TargetAttributes = {
					638B3A9E2616C81E00372D7B = {
						CreatedOnToolsVersion = 12.4;
					};
				};
			};
			buildConfigurationList = 638B3A9A2616C81E00372D7B /* Build configuration list for PBXProject "videocallagora" */;
			compatibilityVersion = "Xcode 9.3";
			developmentRegion = en;
			hasScannedForEncodings = 0;
			knownRegions = (
				en,
				Base,
			);
			mainGroup = 638B3A962616C81E00372D7B;
			productRefGroup = 638B3AA02616C81E00372D7B /* Products */;
			projectDirPath = "";
			projectRoot = "";
			targets = (
				638B3A9E2616C81E00372D7B /* videocallagora */,
			);
		};
/* End PBXProject section */

/* Begin PBXResourcesBuildPhase section */
		638B3A9D2616C81E00372D7B /* Resources */ = {
			isa = PBXResourcesBuildPhase;
			buildActionMask = 2147483647;
			files = (
				638B3AAF2616C81F00372D7B /* LaunchScreen.storyboard in Resources */,
				638B3AAC2616C81F00372D7B /* Assets.xcassets in Resources */,
				638B3AAA2616C81E00372D7B /* Main.storyboard in Resources */,
			);
			runOnlyForDeploymentPostprocessing = 0;
		};
/* End PBXResourcesBuildPhase section */

/* Begin PBXSourcesBuildPhase section */
		638B3A9B2616C81E00372D7B /* Sources */ = {
			isa = PBXSourcesBuildPhase;
			buildActionMask = 2147483647;
			files = (
				638B3AA72616C81E00372D7B /* ViewController.swift in Sources */,
				638B3AA32616C81E00372D7B /* AppDelegate.swift in Sources */,
				638B3AA52616C81E00372D7B /* SceneDelegate.swift in Sources */,
			);
			runOnlyForDeploymentPostprocessing = 0;
		};
/* End PBXSourcesBuildPhase section */

/* Begin PBXVariantGroup section */
		638B3AA82616C81E00372D7B /* Main.storyboard */ = {
			isa = PBXVariantGroup;
			children = (
				638B3AA92616C81E00372D7B /* Base */,
			);
			name = Main.storyboard;
			sourceTree = "<group>";
		};
		638B3AAD2616C81F00372D7B /* LaunchScreen.storyboard */ = {
			isa = PBXVariantGroup;
			children = (
				638B3AAE2616C81F00372D7B /* Base */,
			);
			name = LaunchScreen.storyboard;
			sourceTree = "<group>";
		};
/* End PBXVariantGroup section */

/* Begin XCBuildConfiguration section */
		638B3AB12616C81F00372D7B /* Debug */ = {
			isa = XCBuildConfiguration;
			buildSettings = {
				ALWAYS_SEARCH_USER_PATHS = NO;
				CLANG_ANALYZER_NONNULL = YES;
				CLANG_ANALYZER_NUMBER_OBJECT_CONVERSION = YES_AGGRESSIVE;
				CLANG_CXX_LANGUAGE_STANDARD = "gnu++14";
				CLANG_CXX_LIBRARY = "libc++";
				CLANG_ENABLE_MODULES = YES;
				CLANG_ENABLE_OBJC_ARC = YES;
				CLANG_ENABLE_OBJC_WEAK = YES;
				CLANG_WARN_BLOCK_CAPTURE_AUTORELEASING = YES;
				CLANG_WARN_BOOL_CONVERSION = YES;
				CLANG_WARN_COMMA = YES;
				CLANG_WARN_CONSTANT_CONVERSION = YES;
				CLANG_WARN_DEPRECATED_OBJC_IMPLEMENTATIONS = YES;
				CLANG_WARN_DIRECT_OBJC_ISA_USAGE = YES_ERROR;
				CLANG_WARN_DOCUMENTATION_COMMENTS = YES;
				CLANG_WARN_EMPTY_BODY = YES;
				CLANG_WARN_ENUM_CONVERSION = YES;
				CLANG_WARN_INFINITE_RECURSION = YES;
				CLANG_WARN_INT_CONVERSION = YES;
				CLANG_WARN_NON_LITERAL_NULL_CONVERSION = YES;
				CLANG_WARN_OBJC_IMPLICIT_RETAIN_SELF = YES;
				CLANG_WARN_OBJC_LITERAL_CONVERSION = YES;
				CLANG_WARN_OBJC_ROOT_CLASS = YES_ERROR;
				CLANG_WARN_QUOTED_INCLUDE_IN_FRAMEWORK_HEADER = YES;
				CLANG_WARN_RANGE_LOOP_ANALYSIS = YES;
				CLANG_WARN_STRICT_PROTOTYPES = YES;
				CLANG_WARN_SUSPICIOUS_MOVE = YES;
				CLANG_WARN_UNGUARDED_AVAILABILITY = YES_AGGRESSIVE;
				CLANG_WARN_UNREACHABLE_CODE = YES;
				CLANG_WARN__DUPLICATE_METHOD_MATCH = YES;
				COPY_PHASE_STRIP = NO;
				DEBUG_INFORMATION_FORMAT = dwarf;
				ENABLE_STRICT_OBJC_MSGSEND = YES;
				ENABLE_TESTABILITY = YES;
				GCC_C_LANGUAGE_STANDARD = gnu11;
				GCC_DYNAMIC_NO_PIC = NO;
				GCC_NO_COMMON_BLOCKS = YES;
				GCC_OPTIMIZATION_LEVEL = 0;
				GCC_PREPROCESSOR_DEFINITIONS = (
					"DEBUG=1",
					"$(inherited)",
				);
				GCC_WARN_64_TO_32_BIT_CONVERSION = YES;
				GCC_WARN_ABOUT_RETURN_TYPE = YES_ERROR;
				GCC_WARN_UNDECLARED_SELECTOR = YES;
				GCC_WARN_UNINITIALIZED_AUTOS = YES_AGGRESSIVE;
				GCC_WARN_UNUSED_FUNCTION = YES;
				GCC_WARN_UNUSED_VARIABLE = YES;
				IPHONEOS_DEPLOYMENT_TARGET = 14.4;
				MTL_ENABLE_DEBUG_INFO = INCLUDE_SOURCE;
				MTL_FAST_MATH = YES;
				ONLY_ACTIVE_ARCH = YES;
				SDKROOT = iphoneos;
				SWIFT_ACTIVE_COMPILATION_CONDITIONS = DEBUG;
				SWIFT_OPTIMIZATION_LEVEL = "-Onone";
			};
			name = Debug;
		};
		638B3AB22616C81F00372D7B /* Release */ = {
			isa = XCBuildConfiguration;
			buildSettings = {
				ALWAYS_SEARCH_USER_PATHS = NO;
				CLANG_ANALYZER_NONNULL = YES;
				CLANG_ANALYZER_NUMBER_OBJECT_CONVERSION = YES_AGGRESSIVE;
				CLANG_CXX_LANGUAGE_STANDARD = "gnu++14";
				CLANG_CXX_LIBRARY = "libc++";
				CLANG_ENABLE_MODULES = YES;
				CLANG_ENABLE_OBJC_ARC = YES;
				CLANG_ENABLE_OBJC_WEAK = YES;
				CLANG_WARN_BLOCK_CAPTURE_AUTORELEASING = YES;
				CLANG_WARN_BOOL_CONVERSION = YES;
				CLANG_WARN_COMMA = YES;
				CLANG_WARN_CONSTANT_CONVERSION = YES;
				CLANG_WARN_DEPRECATED_OBJC_IMPLEMENTATIONS = YES;
				CLANG_WARN_DIRECT_OBJC_ISA_USAGE = YES_ERROR;
				CLANG_WARN_DOCUMENTATION_COMMENTS = YES;
				CLANG_WARN_EMPTY_BODY = YES;
				CLANG_WARN_ENUM_CONVERSION = YES;
				CLANG_WARN_INFINITE_RECURSION = YES;
				CLANG_WARN_INT_CONVERSION = YES;
				CLANG_WARN_NON_LITERAL_NULL_CONVERSION = YES;
				CLANG_WARN_OBJC_IMPLICIT_RETAIN_SELF = YES;
				CLANG_WARN_OBJC_LITERAL_CONVERSION = YES;
				CLANG_WARN_OBJC_ROOT_CLASS = YES_ERROR;
				CLANG_WARN_QUOTED_INCLUDE_IN_FRAMEWORK_HEADER = YES;
				CLANG_WARN_RANGE_LOOP_ANALYSIS = YES;
				CLANG_WARN_STRICT_PROTOTYPES = YES;
				CLANG_WARN_SUSPICIOUS_MOVE = YES;
				CLANG_WARN_UNGUARDED_AVAILABILITY = YES_AGGRESSIVE;
				CLANG_WARN_UNREACHABLE_CODE = YES;
				CLANG_WARN__DUPLICATE_METHOD_MATCH = YES;
				COPY_PHASE_STRIP = NO;
				DEBUG_INFORMATION_FORMAT = "dwarf-with-dsym";
				ENABLE_NS_ASSERTIONS = NO;
				ENABLE_STRICT_OBJC_MSGSEND = YES;
				GCC_C_LANGUAGE_STANDARD = gnu11;
				GCC_NO_COMMON_BLOCKS = YES;
				GCC_WARN_64_TO_32_BIT_CONVERSION = YES;
				GCC_WARN_ABOUT_RETURN_TYPE = YES_ERROR;
				GCC_WARN_UNDECLARED_SELECTOR = YES;
				GCC_WARN_UNINITIALIZED_AUTOS = YES_AGGRESSIVE;
				GCC_WARN_UNUSED_FUNCTION = YES;
				GCC_WARN_UNUSED_VARIABLE = YES;
				IPHONEOS_DEPLOYMENT_TARGET = 14.4;
				MTL_ENABLE_DEBUG_INFO = NO;
				MTL_FAST_MATH = YES;
				SDKROOT = iphoneos;
				SWIFT_COMPILATION_MODE = wholemodule;
				SWIFT_OPTIMIZATION_LEVEL = "-O";
				VALIDATE_PRODUCT = YES;
			};
			name = Release;
		};
		638B3AB42616C81F00372D7B /* Debug */ = {
			isa = XCBuildConfiguration;
			buildSettings = {
				ASSETCATALOG_COMPILER_APPICON_NAME = AppIcon;
				ASSETCATALOG_COMPILER_GLOBAL_ACCENT_COLOR_NAME = AccentColor;
				CODE_SIGN_STYLE = Automatic;
				DEVELOPMENT_TEAM = A7Q5J9K3AS;
				INFOPLIST_FILE = videocallagora/Info.plist;
				LD_RUNPATH_SEARCH_PATHS = (
					"$(inherited)",
					"@executable_path/Frameworks",
				);
				PRODUCT_BUNDLE_IDENTIFIER = jasonT.videocallagora;
				PRODUCT_NAME = "$(TARGET_NAME)";
				SWIFT_VERSION = 5.0;
				TARGETED_DEVICE_FAMILY = "1,2";
			};
			name = Debug;
		};
		638B3AB52616C81F00372D7B /* Release */ = {
			isa = XCBuildConfiguration;
			buildSettings = {
				ASSETCATALOG_COMPILER_APPICON_NAME = AppIcon;
				ASSETCATALOG_COMPILER_GLOBAL_ACCENT_COLOR_NAME = AccentColor;
				CODE_SIGN_STYLE = Automatic;
				DEVELOPMENT_TEAM = A7Q5J9K3AS;
				INFOPLIST_FILE = videocallagora/Info.plist;
				LD_RUNPATH_SEARCH_PATHS = (
					"$(inherited)",
					"@executable_path/Frameworks",
				);
				PRODUCT_BUNDLE_IDENTIFIER = jasonT.videocallagora;
				PRODUCT_NAME = "$(TARGET_NAME)";
				SWIFT_VERSION = 5.0;
				TARGETED_DEVICE_FAMILY = "1,2";
			};
			name = Release;
		};
/* End XCBuildConfiguration section */

/* Begin XCConfigurationList section */
		638B3A9A2616C81E00372D7B /* Build configuration list for PBXProject "videocallagora" */ = {
			isa = XCConfigurationList;
			buildConfigurations = (
				638B3AB12616C81F00372D7B /* Debug */,
				638B3AB22616C81F00372D7B /* Release */,
			);
			defaultConfigurationIsVisible = 0;
			defaultConfigurationName = Release;
		};
		638B3AB32616C81F00372D7B /* Build configuration list for PBXNativeTarget "videocallagora" */ = {
			isa = XCConfigurationList;
			buildConfigurations = (
				638B3AB42616C81F00372D7B /* Debug */,
				638B3AB52616C81F00372D7B /* Release */,
			);
			defaultConfigurationIsVisible = 0;
			defaultConfigurationName = Release;
		};
/* End XCConfigurationList section */
	};
	rootObject = 638B3A972616C81E00372D7B /* Project object */;
}
